
Microsoft Visual Studio Solution File, Format Version 12.00
# Visual Studio 15
VisualStudioVersion = 15.0.27130.2010
MinimumVisualStudioVersion = 10.0.40219.1
Project("{00D1A9C2-B5F0-4AF3-8072-F6C62B433612}") = "DatawarehouseSucos", "DatawarehouseSucos\DatawarehouseSucos.sqlproj", "{C9F9FB9B-C05F-46E7-810A-66928D7342DC}"
EndProject
Project("{159641D6-6404-4A2A-AE62-294DE0FE8301}") = "CargaDatawarehouse", "CargaDatawarehouse\CargaDatawarehouse.dtproj", "{A049EB08-4EDE-43F7-B357-25D65206C531}"
EndProject
Global
	GlobalSection(SolutionConfigurationPlatforms) = preSolution
		Debug|Any CPU = Debug|Any CPU
		Development|Any CPU = Development|Any CPU
		Release|Any CPU = Release|Any CPU
	EndGlobalSection
	GlobalSection(ProjectConfigurationPlatforms) = postSolution
		{C9F9FB9B-C05F-46E7-810A-66928D7342DC}.Debug|Any CPU.ActiveCfg = Debug|Any CPU
		{C9F9FB9B-C05F-46E7-810A-66928D7342DC}.Debug|Any CPU.Build.0 = Debug|Any CPU
		{C9F9FB9B-C05F-46E7-810A-66928D7342DC}.Debug|Any CPU.Deploy.0 = Debug|Any CPU
		{C9F9FB9B-C05F-46E7-810A-66928D7342DC}.Development|Any CPU.ActiveCfg = Debug|Any CPU
		{C9F9FB9B-C05F-46E7-810A-66928D7342DC}.Development|Any CPU.Build.0 = Debug|Any CPU
		{C9F9FB9B-C05F-46E7-810A-66928D7342DC}.Development|Any CPU.Deploy.0 = Debug|Any CPU
		{C9F9FB9B-C05F-46E7-810A-66928D7342DC}.Release|Any CPU.ActiveCfg = Release|Any CPU
		{C9F9FB9B-C05F-46E7-810A-66928D7342DC}.Release|Any CPU.Build.0 = Release|Any CPU
		{C9F9FB9B-C05F-46E7-810A-66928D7342DC}.Release|Any CPU.Deploy.0 = Release|Any CPU
		{A049EB08-4EDE-43F7-B357-25D65206C531}.Debug|Any CPU.ActiveCfg = Development
		{A049EB08-4EDE-43F7-B357-25D65206C531}.Debug|Any CPU.Build.0 = Development
		{A049EB08-4EDE-43F7-B357-25D65206C531}.Development|Any CPU.ActiveCfg = Development
		{A049EB08-4EDE-43F7-B357-25D65206C531}.Development|Any CPU.Build.0 = Development
		{A049EB08-4EDE-43F7-B357-25D65206C531}.Release|Any CPU.ActiveCfg = Development
		{A049EB08-4EDE-43F7-B357-25D65206C531}.Release|Any CPU.Build.0 = Development
	EndGlobalSection
	GlobalSection(SolutionProperties) = preSolution
		HideSolutionNode = FALSE
	EndGlobalSection
	GlobalSection(ExtensibilityGlobals) = postSolution
		SolutionGuid = {08321FA3-83C4-4806-918E-BCBA4CDF07BE}
	EndGlobalSection
EndGlobal
